
Microsoft Visual Studio Solution File, Format Version 12.00
# Visual Studio Version 17
VisualStudioVersion = 17.7.34221.43
MinimumVisualStudioVersion = 10.0.40219.1
Project("{FAE04EC0-301F-11D3-BF4B-00C04F79EFBC}") = "CodeFirstTest", "CodeFirstTest.csproj", "{15833D1D-0561-40BC-82FC-26DBFEDE2160}"
EndProject
Global
	GlobalSection(SolutionConfigurationPlatforms) = preSolution
		Debug|Any CPU = Debug|Any CPU
		Release|Any CPU = Release|Any CPU
	EndGlobalSection
	GlobalSection(ProjectConfigurationPlatforms) = postSolution
		{15833D1D-0561-40BC-82FC-26DBFEDE2160}.Debug|Any CPU.ActiveCfg = Debug|Any CPU
		{15833D1D-0561-40BC-82FC-26DBFEDE2160}.Debug|Any CPU.Build.0 = Debug|Any CPU
		{15833D1D-0561-40BC-82FC-26DBFEDE2160}.Release|Any CPU.ActiveCfg = Release|Any CPU
		{15833D1D-0561-40BC-82FC-26DBFEDE2160}.Release|Any CPU.Build.0 = Release|Any CPU
	EndGlobalSection
	GlobalSection(SolutionProperties) = preSolution
		HideSolutionNode = FALSE
	EndGlobalSection
	GlobalSection(ExtensibilityGlobals) = postSolution
		SolutionGuid = {2A8742D9-91EE-486B-A359-BBE4EBB3381C}
	EndGlobalSection
EndGlobal
